
Microsoft Visual Studio Solution File, Format Version 12.00
# Visual Studio Version 17
VisualStudioVersion = 17.10.35122.118
MinimumVisualStudioVersion = 10.0.40219.1
Project("{9A19103F-16F7-4668-BE54-9A1E7A4F7556}") = "Funktionen", "Funktionen\Funktionen.csproj", "{AEEEBCBB-CE9E-464D-94F2-A7458DD39E48}"
EndProject
Project("{9A19103F-16F7-4668-BE54-9A1E7A4F7556}") = "arrays", "arrays\arrays.csproj", "{5729F0C8-0D04-43A0-9D37-85E6AE915358}"
EndProject
Global
	GlobalSection(SolutionConfigurationPlatforms) = preSolution
		Debug|Any CPU = Debug|Any CPU
		Release|Any CPU = Release|Any CPU
	EndGlobalSection
	GlobalSection(ProjectConfigurationPlatforms) = postSolution
		{AEEEBCBB-CE9E-464D-94F2-A7458DD39E48}.Debug|Any CPU.ActiveCfg = Debug|Any CPU
		{AEEEBCBB-CE9E-464D-94F2-A7458DD39E48}.Debug|Any CPU.Build.0 = Debug|Any CPU
		{AEEEBCBB-CE9E-464D-94F2-A7458DD39E48}.Release|Any CPU.ActiveCfg = Release|Any CPU
		{AEEEBCBB-CE9E-464D-94F2-A7458DD39E48}.Release|Any CPU.Build.0 = Release|Any CPU
		{5729F0C8-0D04-43A0-9D37-85E6AE915358}.Debug|Any CPU.ActiveCfg = Debug|Any CPU
		{5729F0C8-0D04-43A0-9D37-85E6AE915358}.Debug|Any CPU.Build.0 = Debug|Any CPU
		{5729F0C8-0D04-43A0-9D37-85E6AE915358}.Release|Any CPU.ActiveCfg = Release|Any CPU
		{5729F0C8-0D04-43A0-9D37-85E6AE915358}.Release|Any CPU.Build.0 = Release|Any CPU
	EndGlobalSection
	GlobalSection(SolutionProperties) = preSolution
		HideSolutionNode = FALSE
	EndGlobalSection
	GlobalSection(ExtensibilityGlobals) = postSolution
		SolutionGuid = {B15AB4ED-E3CC-4BA4-BEC7-DD7E47910552}
	EndGlobalSection
EndGlobal
